
Microsoft Visual Studio Solution File, Format Version 12.00
# Visual Studio 2012
Project("{FAE04EC0-301F-11D3-BF4B-00C04F79EFBC}") = "01.OddOrEven", "01.OddOrEven\01.OddOrEven.csproj", "{74B38314-D014-49D5-81FC-36F76DB342C2}"
EndProject
Project("{FAE04EC0-301F-11D3-BF4B-00C04F79EFBC}") = "02.MoonGravitation", "02.MoonGravitation\02.MoonGravitation.csproj", "{BDA496C9-17D4-409C-B4F7-7CF9B2ADCFC0}"
EndProject
Project("{FAE04EC0-301F-11D3-BF4B-00C04F79EFBC}") = "03.DivideBy7And5", "03.DivideBy7And5\03.DivideBy7And5.csproj", "{784BD366-CA50-4188-A8F6-9948D5CF918A}"
EndProject
Project("{FAE04EC0-301F-11D3-BF4B-00C04F79EFBC}") = "04.Rectangles", "04.Rectangles\04.Rectangles.csproj", "{588AFB4E-16BA-4949-8499-DCC4897E61FD}"
EndProject
Project("{FAE04EC0-301F-11D3-BF4B-00C04F79EFBC}") = "05.IsThirdDigit7", "05.IsThirdDigit7\05.IsThirdDigit7.csproj", "{31231D58-FB9F-4629-BEFD-B03FD2CD3DE1}"
EndProject
Project("{FAE04EC0-301F-11D3-BF4B-00C04F79EFBC}") = "06.FourDigitNumber", "06.FourDigitNumber\06.FourDigitNumber.csproj", "{66CB768E-01FD-47E0-A729-A843F624A290}"
EndProject
Project("{FAE04EC0-301F-11D3-BF4B-00C04F79EFBC}") = "06.FourDigitNumber.v2", "06.FourDigitNumber.v2\06.FourDigitNumber.v2.csproj", "{833B8695-ACC6-4AF3-8ABC-4FCD76AFDD53}"
EndProject
Project("{FAE04EC0-301F-11D3-BF4B-00C04F79EFBC}") = "07.PointInACircle", "07.PointInACircle\07.PointInACircle.csproj", "{D34F1C23-F9C2-4C42-9ED4-CF0D8A7B738B}"
EndProject
Project("{FAE04EC0-301F-11D3-BF4B-00C04F79EFBC}") = "08.PrimeNumberCheck", "08.PrimeNumberCheck\08.PrimeNumberCheck.csproj", "{B950CD4B-27B4-4B64-BDD9-3C1B7F1B535A}"
EndProject
Project("{FAE04EC0-301F-11D3-BF4B-00C04F79EFBC}") = "09.Trapezoids", "09.Trapezoids\09.Trapezoids.csproj", "{2777C8D9-BF4F-4604-A957-9453F6B587FE}"
EndProject
Project("{FAE04EC0-301F-11D3-BF4B-00C04F79EFBC}") = "10.InsideCircleOutsideRectangle", "10.InsideCircleOutsideRectangle\10.InsideCircleOutsideRectangle.csproj", "{CC3E44C1-B2A2-4A54-807E-FE9599502D9D}"
EndProject
Project("{FAE04EC0-301F-11D3-BF4B-00C04F79EFBC}") = "11.ExtractBit3", "11.ExtractBit3\11.ExtractBit3.csproj", "{F88FF3D5-9568-4653-A022-461966C80E56}"
EndProject
Project("{FAE04EC0-301F-11D3-BF4B-00C04F79EFBC}") = "12.ExtractBitFromInteger", "12.ExtractBitFromInteger\12.ExtractBitFromInteger.csproj", "{81F27BC5-519B-47A8-9F0E-78D5A2B03B13}"
EndProject
Project("{FAE04EC0-301F-11D3-BF4B-00C04F79EFBC}") = "13.CheckBitAtPosition", "13.CheckBitAtPosition\13.CheckBitAtPosition.csproj", "{DCDA1B66-1A03-4E06-94A8-6E64A6947D95}"
EndProject
Project("{FAE04EC0-301F-11D3-BF4B-00C04F79EFBC}") = "14.ModifyBit", "14.ModifyBit\14.ModifyBit.csproj", "{4D5539F5-2D43-450F-AAD6-C5F1BF188042}"
EndProject
Global
	GlobalSection(SolutionConfigurationPlatforms) = preSolution
		Debug|Any CPU = Debug|Any CPU
		Release|Any CPU = Release|Any CPU
	EndGlobalSection
	GlobalSection(ProjectConfigurationPlatforms) = postSolution
		{74B38314-D014-49D5-81FC-36F76DB342C2}.Debug|Any CPU.ActiveCfg = Debug|Any CPU
		{74B38314-D014-49D5-81FC-36F76DB342C2}.Debug|Any CPU.Build.0 = Debug|Any CPU
		{74B38314-D014-49D5-81FC-36F76DB342C2}.Release|Any CPU.ActiveCfg = Release|Any CPU
		{74B38314-D014-49D5-81FC-36F76DB342C2}.Release|Any CPU.Build.0 = Release|Any CPU
		{BDA496C9-17D4-409C-B4F7-7CF9B2ADCFC0}.Debug|Any CPU.ActiveCfg = Debug|Any CPU
		{BDA496C9-17D4-409C-B4F7-7CF9B2ADCFC0}.Debug|Any CPU.Build.0 = Debug|Any CPU
		{BDA496C9-17D4-409C-B4F7-7CF9B2ADCFC0}.Release|Any CPU.ActiveCfg = Release|Any CPU
		{BDA496C9-17D4-409C-B4F7-7CF9B2ADCFC0}.Release|Any CPU.Build.0 = Release|Any CPU
		{784BD366-CA50-4188-A8F6-9948D5CF918A}.Debug|Any CPU.ActiveCfg = Debug|Any CPU
		{784BD366-CA50-4188-A8F6-9948D5CF918A}.Debug|Any CPU.Build.0 = Debug|Any CPU
		{784BD366-CA50-4188-A8F6-9948D5CF918A}.Release|Any CPU.ActiveCfg = Release|Any CPU
		{784BD366-CA50-4188-A8F6-9948D5CF918A}.Release|Any CPU.Build.0 = Release|Any CPU
		{588AFB4E-16BA-4949-8499-DCC4897E61FD}.Debug|Any CPU.ActiveCfg = Debug|Any CPU
		{588AFB4E-16BA-4949-8499-DCC4897E61FD}.Debug|Any CPU.Build.0 = Debug|Any CPU
		{588AFB4E-16BA-4949-8499-DCC4897E61FD}.Release|Any CPU.ActiveCfg = Release|Any CPU
		{588AFB4E-16BA-4949-8499-DCC4897E61FD}.Release|Any CPU.Build.0 = Release|Any CPU
		{31231D58-FB9F-4629-BEFD-B03FD2CD3DE1}.Debug|Any CPU.ActiveCfg = Debug|Any CPU
		{31231D58-FB9F-4629-BEFD-B03FD2CD3DE1}.Debug|Any CPU.Build.0 = Debug|Any CPU
		{31231D58-FB9F-4629-BEFD-B03FD2CD3DE1}.Release|Any CPU.ActiveCfg = Release|Any CPU
		{31231D58-FB9F-4629-BEFD-B03FD2CD3DE1}.Release|Any CPU.Build.0 = Release|Any CPU
		{66CB768E-01FD-47E0-A729-A843F624A290}.Debug|Any CPU.ActiveCfg = Debug|Any CPU
		{66CB768E-01FD-47E0-A729-A843F624A290}.Debug|Any CPU.Build.0 = Debug|Any CPU
		{66CB768E-01FD-47E0-A729-A843F624A290}.Release|Any CPU.ActiveCfg = Release|Any CPU
		{66CB768E-01FD-47E0-A729-A843F624A290}.Release|Any CPU.Build.0 = Release|Any CPU
		{833B8695-ACC6-4AF3-8ABC-4FCD76AFDD53}.Debug|Any CPU.ActiveCfg = Debug|Any CPU
		{833B8695-ACC6-4AF3-8ABC-4FCD76AFDD53}.Debug|Any CPU.Build.0 = Debug|Any CPU
		{833B8695-ACC6-4AF3-8ABC-4FCD76AFDD53}.Release|Any CPU.ActiveCfg = Release|Any CPU
		{833B8695-ACC6-4AF3-8ABC-4FCD76AFDD53}.Release|Any CPU.Build.0 = Release|Any CPU
		{D34F1C23-F9C2-4C42-9ED4-CF0D8A7B738B}.Debug|Any CPU.ActiveCfg = Debug|Any CPU
		{D34F1C23-F9C2-4C42-9ED4-CF0D8A7B738B}.Debug|Any CPU.Build.0 = Debug|Any CPU
		{D34F1C23-F9C2-4C42-9ED4-CF0D8A7B738B}.Release|Any CPU.ActiveCfg = Release|Any CPU
		{D34F1C23-F9C2-4C42-9ED4-CF0D8A7B738B}.Release|Any CPU.Build.0 = Release|Any CPU
		{B950CD4B-27B4-4B64-BDD9-3C1B7F1B535A}.Debug|Any CPU.ActiveCfg = Debug|Any CPU
		{B950CD4B-27B4-4B64-BDD9-3C1B7F1B535A}.Debug|Any CPU.Build.0 = Debug|Any CPU
		{B950CD4B-27B4-4B64-BDD9-3C1B7F1B535A}.Release|Any CPU.ActiveCfg = Release|Any CPU
		{B950CD4B-27B4-4B64-BDD9-3C1B7F1B535A}.Release|Any CPU.Build.0 = Release|Any CPU
		{2777C8D9-BF4F-4604-A957-9453F6B587FE}.Debug|Any CPU.ActiveCfg = Debug|Any CPU
		{2777C8D9-BF4F-4604-A957-9453F6B587FE}.Debug|Any CPU.Build.0 = Debug|Any CPU
		{2777C8D9-BF4F-4604-A957-9453F6B587FE}.Release|Any CPU.ActiveCfg = Release|Any CPU
		{2777C8D9-BF4F-4604-A957-9453F6B587FE}.Release|Any CPU.Build.0 = Release|Any CPU
		{CC3E44C1-B2A2-4A54-807E-FE9599502D9D}.Debug|Any CPU.ActiveCfg = Debug|Any CPU
		{CC3E44C1-B2A2-4A54-807E-FE9599502D9D}.Debug|Any CPU.Build.0 = Debug|Any CPU
		{CC3E44C1-B2A2-4A54-807E-FE9599502D9D}.Release|Any CPU.ActiveCfg = Release|Any CPU
		{CC3E44C1-B2A2-4A54-807E-FE9599502D9D}.Release|Any CPU.Build.0 = Release|Any CPU
		{F88FF3D5-9568-4653-A022-461966C80E56}.Debug|Any CPU.ActiveCfg = Debug|Any CPU
		{F88FF3D5-9568-4653-A022-461966C80E56}.Debug|Any CPU.Build.0 = Debug|Any CPU
		{F88FF3D5-9568-4653-A022-461966C80E56}.Release|Any CPU.ActiveCfg = Release|Any CPU
		{F88FF3D5-9568-4653-A022-461966C80E56}.Release|Any CPU.Build.0 = Release|Any CPU
		{81F27BC5-519B-47A8-9F0E-78D5A2B03B13}.Debug|Any CPU.ActiveCfg = Debug|Any CPU
		{81F27BC5-519B-47A8-9F0E-78D5A2B03B13}.Debug|Any CPU.Build.0 = Debug|Any CPU
		{81F27BC5-519B-47A8-9F0E-78D5A2B03B13}.Release|Any CPU.ActiveCfg = Release|Any CPU
		{81F27BC5-519B-47A8-9F0E-78D5A2B03B13}.Release|Any CPU.Build.0 = Release|Any CPU
		{DCDA1B66-1A03-4E06-94A8-6E64A6947D95}.Debug|Any CPU.ActiveCfg = Debug|Any CPU
		{DCDA1B66-1A03-4E06-94A8-6E64A6947D95}.Debug|Any CPU.Build.0 = Debug|Any CPU
		{DCDA1B66-1A03-4E06-94A8-6E64A6947D95}.Release|Any CPU.ActiveCfg = Release|Any CPU
		{DCDA1B66-1A03-4E06-94A8-6E64A6947D95}.Release|Any CPU.Build.0 = Release|Any CPU
		{4D5539F5-2D43-450F-AAD6-C5F1BF188042}.Debug|Any CPU.ActiveCfg = Debug|Any CPU
		{4D5539F5-2D43-450F-AAD6-C5F1BF188042}.Debug|Any CPU.Build.0 = Debug|Any CPU
		{4D5539F5-2D43-450F-AAD6-C5F1BF188042}.Release|Any CPU.ActiveCfg = Release|Any CPU
		{4D5539F5-2D43-450F-AAD6-C5F1BF188042}.Release|Any CPU.Build.0 = Release|Any CPU
	EndGlobalSection
	GlobalSection(SolutionProperties) = preSolution
		HideSolutionNode = FALSE
	EndGlobalSection
EndGlobal
